
Microsoft Visual Studio Solution File, Format Version 12.00
# Visual Studio Version 17
VisualStudioVersion = 17.6.33723.286
MinimumVisualStudioVersion = 10.0.40219.1
Project("{FAE04EC0-301F-11D3-BF4B-00C04F79EFBC}") = "EighthApp", "EighthApp\EighthApp.csproj", "{8CFD8EEA-063C-4E20-951A-48959841E92C}"
EndProject
Global
	GlobalSection(SolutionConfigurationPlatforms) = preSolution
		Debug|Any CPU = Debug|Any CPU
		Release|Any CPU = Release|Any CPU
	EndGlobalSection
	GlobalSection(ProjectConfigurationPlatforms) = postSolution
		{8CFD8EEA-063C-4E20-951A-48959841E92C}.Debug|Any CPU.ActiveCfg = Debug|Any CPU
		{8CFD8EEA-063C-4E20-951A-48959841E92C}.Debug|Any CPU.Build.0 = Debug|Any CPU
		{8CFD8EEA-063C-4E20-951A-48959841E92C}.Release|Any CPU.ActiveCfg = Release|Any CPU
		{8CFD8EEA-063C-4E20-951A-48959841E92C}.Release|Any CPU.Build.0 = Release|Any CPU
	EndGlobalSection
	GlobalSection(SolutionProperties) = preSolution
		HideSolutionNode = FALSE
	EndGlobalSection
	GlobalSection(ExtensibilityGlobals) = postSolution
		SolutionGuid = {AC5B11D0-034D-4902-9051-31343059719C}
	EndGlobalSection
EndGlobal
